PODS:
  - Masonry (1.1.0)
  - SJDownloadDataTask (1.2.2):
    - SJDownloadDataTask/Core (= 1.2.2)
    - SJUIKit/ObserverHelper
  - SJDownloadDataTask/Core (1.2.2):
    - SJDownloadDataTask/Core/ResourceLoader (= 1.2.2)
    - SJUIKit/ObserverHelper
  - SJDownloadDataTask/Core/ResourceLoader (1.2.2):
    - SJUIKit/ObserverHelper
  - SJMP3Player (1.4.4):
    - SJDownloadDataTask
    - SJMP3Player/Core (= 1.4.4)
    - SJUIKit/ObserverHelper
  - SJMP3Player/Core (1.4.4):
    - SJDownloadDataTask
    - SJUIKit/ObserverHelper
  - SJSlider (1.4.0):
    - Masonry
  - SJUIKit/ObserverHelper (0.0.0.34)

DEPENDENCIES:
  - SJDownloadDataTask
  - SJMP3Player (from `../`)
  - SJSlider

SPEC REPOS:
  https://github.com/cocoapods/specs.git:
    - Masonry
    - SJDownloadDataTask
    - SJSlider
    - SJUIKit

EXTERNAL SOURCES:
  SJMP3Player:
    :path: "../"

SPEC CHECKSUMS:
  Masonry: 678fab65091a9290e40e2832a55e7ab731aad201
  SJDownloadDataTask: 2c81d6e1160b90da99a2b4c710b70f48ef145f7a
  SJMP3Player: 89a905b38159c684f53a4c9850161ebfa7332e5c
  SJSlider: db525a767cdbb2a714dc1392e4a74f38226f4085
  SJUIKit: 9fc7b17d7f421ca64304c42d1a9ae387bed35bb1

PODFILE CHECKSUM: b40b450c2c95b20233efd305a810448276ba5012

COCOAPODS: 1.7.5
